# This file was autogenerated by Stack.
# You should not edit this file by hand.
# For more information, please see the documentation at:
#   https://docs.haskellstack.org/en/stable/lock_files

packages:
- completed:
    hackage: doctest-0.17@sha256:684b9736321c255fc8da651a817a14d46afd9aa08a753b344abaa77b343123f2,6988
    pantry-tree:
      size: 8050
      sha256: 4da2f26e2365dcac9cee73e97af4291eeda7b5900cbb8e3c9343644007b2b969
  original:
    hackage: doctest-0.17@sha256:684b9736321c255fc8da651a817a14d46afd9aa08a753b344abaa77b343123f2
- completed:
    hackage: megaparsec-9.0.0@sha256:920d1e469056c746b532333a078c2a9a195fab5e860e0c9734ee92a28c2bfb65,3117
    pantry-tree:
      size: 1447
      sha256: 26c1c24e343cfa6b2c55715fff4b8608e527a6b6ad3d510e328e0a228f979a7d
  original:
    hackage: megaparsec-9.0.0@sha256:920d1e469056c746b532333a078c2a9a195fab5e860e0c9734ee92a28c2bfb65
- completed:
    hackage: barbies-2.0.2.0@sha256:fa6656b45c40f7d4ab1764d078c6878f37d37fab7f7135c061e9a5baa67943c0,4407
    pantry-tree:
      size: 4426
      sha256: 5aa3ff178fe56b21250543384e8482de13f35ef57a06943178382b0f2e3eca24
  original:
    hackage: barbies-2.0.2.0@sha256:fa6656b45c40f7d4ab1764d078c6878f37d37fab7f7135c061e9a5baa67943c0
- completed:
    hackage: refined-0.6.1@sha256:d5d713f0a2ad79d1c049d2d132fd8c2078b883b5ea3db876087eaec102843e57,2748
    pantry-tree:
      size: 562
      sha256: 3b530f23657d5c8425b9512593417b2c65085719afa30e0d9d2bd72d4e4f7bd5
  original:
    hackage: refined-0.6.1@sha256:d5d713f0a2ad79d1c049d2d132fd8c2078b883b5ea3db876087eaec102843e57
- completed:
    hackage: these-skinny-0.7.4@sha256:e29336a1a70a497e09d8266f8438efb30a807bafaa6b00f5a136f7493efb3160,1239
    pantry-tree:
      size: 262
      sha256: 77f01554e40d8e910d00f95c35dde86df4f691e2955d9afdc16508114c4d1af2
  original:
    hackage: these-skinny-0.7.4@sha256:e29336a1a70a497e09d8266f8438efb30a807bafaa6b00f5a136f7493efb3160
- completed:
    hackage: ListZipper-1.2.0.2@sha256:5bbb5a4cc7f1cae962310407f711b874c087b48a0ba39b9fcce84cdb0ff5244c,639
    pantry-tree:
      size: 213
      sha256: 9343dd4659ff06f5dd59147aca3f8eb4550293a477ca149e9fba8d58f1e3ec38
  original:
    hackage: ListZipper-1.2.0.2@sha256:5bbb5a4cc7f1cae962310407f711b874c087b48a0ba39b9fcce84cdb0ff5244c
- completed:
    hackage: grids-0.5.0.1@sha256:1230e0e2249ce74ad092329410b1a87c5bcbeb88aa148f0131bdc43385ba3362,3081
    pantry-tree:
      size: 1418
      sha256: 09e4861f855e39b09ca76648e7dd0011ae0eeff78a40eb4772e11c05e1a24e16
  original:
    hackage: grids-0.5.0.1@sha256:1230e0e2249ce74ad092329410b1a87c5bcbeb88aa148f0131bdc43385ba3362
snapshots:
- completed:
    size: 532835
    url: https://raw.githubusercontent.com/commercialhaskell/stackage-snapshots/master/lts/16/24.yaml
    sha256: cf2b52420b2262fe9cf0f6744929120131abd6675b1c3fb2d8b155a47f80d103
  original:
    url: https://raw.githubusercontent.com/commercialhaskell/stackage-snapshots/master/lts/16/24.yaml
